<Solution>
  <Folder Name="/desktop/">
    <Project Path="desktop/BeeMemoryBank.Desktop/BeeMemoryBank.Desktop.csproj" />
    <Project Path="desktop/BeeMemoryBank.Node/BeeMemoryBank.Node.csproj" />
  </Folder>
  <Folder Name="/libs/">
    <Project Path="libs/BeeMemoryBank.AppPaths/BeeMemoryBank.AppPaths.csproj" />
    <Project Path="libs/BeeMemoryBank.Core/BeeMemoryBank.Core.csproj" />
    <Project Path="libs/BeeMemoryBank.Crypto/BeeMemoryBank.Crypto.csproj" />
    <Project Path="libs/BeeMemoryBank.Hosting/BeeMemoryBank.Hosting.csproj" />
    <Project Path="libs/BeeMemoryBank.Hosting.AspNetCore/BeeMemoryBank.Hosting.AspNetCore.csproj" />
    <Project Path="libs/BeeMemoryBank.Storage/BeeMemoryBank.Storage.csproj" />
    <Project Path="libs/BeeMemoryBank.Sync/BeeMemoryBank.Sync.csproj" />
  </Folder>
  <Folder Name="/server/">
    <Project Path="server/BeeMemoryBank.Api/BeeMemoryBank.Api.csproj" />
    <Project Path="server/BeeMemoryBank.Web/BeeMemoryBank.Web.csproj" />
    <Project Path="server/BeeMemoryBank.Cli/BeeMemoryBank.Cli.csproj" />
  </Folder>
  <Folder Name="/mobile/">
    <Project Path="mobile/BeeMemoryBank.Mobile/BeeMemoryBank.Mobile.csproj" />
  </Folder>
  <Folder Name="/tests/">
    <Project Path="tests/BeeMemoryBank.AppPaths.Tests/BeeMemoryBank.AppPaths.Tests.csproj" />
    <Project Path="tests/BeeMemoryBank.Cli.Tests/BeeMemoryBank.Cli.Tests.csproj" />
    <Project Path="tests/BeeMemoryBank.Core.Tests/BeeMemoryBank.Core.Tests.csproj" />
    <Project Path="tests/BeeMemoryBank.Core.Acme.Tests/BeeMemoryBank.Core.Acme.Tests.csproj" />
    <Project Path="tests/BeeMemoryBank.Crypto.Tests/BeeMemoryBank.Crypto.Tests.csproj" />
    <Project Path="tests/BeeMemoryBank.Desktop.Tests/BeeMemoryBank.Desktop.Tests.csproj" />
    <Project Path="tests/BeeMemoryBank.Hosting.Tests/BeeMemoryBank.Hosting.Tests.csproj" />
    <Project Path="tests/BeeMemoryBank.Hosting.AspNetCore.Tests/BeeMemoryBank.Hosting.AspNetCore.Tests.csproj" />
    <Project Path="tests/BeeMemoryBank.Integration.Tests/BeeMemoryBank.Integration.Tests.csproj" />
    <Project Path="tests/BeeMemoryBank.Node.Tests/BeeMemoryBank.Node.Tests.csproj" />
    <Project Path="tests/BeeMemoryBank.Node.Tests.StubProcess/BeeMemoryBank.Node.Tests.StubProcess.csproj" />
    <Project Path="tests/BeeMemoryBank.Storage.Tests/BeeMemoryBank.Storage.Tests.csproj" />
    <Project Path="tests/BeeMemoryBank.Sync.Tests/BeeMemoryBank.Sync.Tests.csproj" />
    <Project Path="tests/BeeMemoryBank.Migrator.Tests/BeeMemoryBank.Migrator.Tests.csproj" />
    <Project Path="tests/BeeMemoryBank.ReleaseTool.Tests/BeeMemoryBank.ReleaseTool.Tests.csproj" />
    <Project Path="tests/BeeMemoryBank.Updater.Tests/BeeMemoryBank.Updater.Tests.csproj" />
  </Folder>
  <Folder Name="/tools/">
    <Project Path="tools/BeeMemoryBank.Migrator/BeeMemoryBank.Migrator.csproj" />
    <Project Path="tools/BeeMemoryBank.ReleaseTool/BeeMemoryBank.ReleaseTool.csproj" />
    <Project Path="tools/BeeMemoryBank.Updater/BeeMemoryBank.Updater.csproj" />
  </Folder>
</Solution>
